// !$*UTF8*$!
{
	archiveVersion = 1;
	classes = {
	};
	objectVersion = 77;
	objects = {

/* Begin PBXContainerItemProxy section */
		247EB1B82EB6496600DEE1AA /* PBXContainerItemProxy */ = {
			isa = PBXContainerItemProxy;
			containerPortal = 247EB1942EB6496500DEE1AA /* Project object */;
			proxyType = 1;
			remoteGlobalIDString = 247EB19B2EB6496500DEE1AA;
			remoteInfo = testioss;
		};
		247EB1C22EB6496700DEE1AA /* PBXContainerItemProxy */ = {
			isa = PBXContainerItemProxy;
			containerPortal = 247EB1942EB6496500DEE1AA /* Project object */;
			proxyType = 1;
			remoteGlobalIDString = 247EB19B2EB6496500DEE1AA;
			remoteInfo = testioss;
		};
/* End PBXContainerItemProxy section */

/* Begin PBXFileReference section */
		247EB19C2EB6496500DEE1AA /* testioss.app */ = {isa = PBXFileReference; explicitFileType = wrapper.application; includeInIndex = 0; path = testioss.app; sourceTree = BUILT_PRODUCTS_DIR; };
		247EB1B72EB6496600DEE1AA /* testiossTests.xctest */ = {isa = PBXFileReference; explicitFileType = wrapper.cfbundle; includeInIndex = 0; path = testiossTests.xctest; sourceTree = BUILT_PRODUCTS_DIR; };
		247EB1C12EB6496700DEE1AA /* testiossUITests.xctest */ = {isa = PBXFileReference; explicitFileType = wrapper.cfbundle; includeInIndex = 0; path = testiossUITests.xctest; sourceTree = BUILT_PRODUCTS_DIR; };
/* End PBXFileReference section */

/* Begin PBXFileSystemSynchronizedBuildFileExceptionSet section */
		247EB1C92EB6496700DEE1AA /* Exceptions for "testioss" folder in "testioss" target */ = {
			isa = PBXFileSystemSynchronizedBuildFileExceptionSet;
			membershipExceptions = (
				Info.plist,
			);
			target = 247EB19B2EB6496500DEE1AA /* testioss */;
		};
/* End PBXFileSystemSynchronizedBuildFileExceptionSet section */

/* Begin PBXFileSystemSynchronizedRootGroup section */
		247EB19E2EB6496500DEE1AA /* testioss */ = {
			isa = PBXFileSystemSynchronizedRootGroup;
			exceptions = (
				247EB1C92EB6496700DEE1AA /* Exceptions for "testioss" folder in "testioss" target */,
			);
			path = testioss;
			sourceTree = "<group>";
		};
		247EB1BA2EB6496600DEE1AA /* testiossTests */ = {
			isa = PBXFileSystemSynchronizedRootGroup;
			path = testiossTests;
			sourceTree = "<group>";
		};
		247EB1C42EB6496700DEE1AA /* testiossUITests */ = {
			isa = PBXFileSystemSynchronizedRootGroup;
			path = testiossUITests;
			sourceTree = "<group>";
		};
/* End PBXFileSystemSynchronizedRootGroup section */

/* Begin PBXFrameworksBuildPhase section */
		247EB1992EB6496500DEE1AA /* Frameworks */ = {
			isa = PBXFrameworksBuildPhase;
			buildActionMask = 2147483647;
			files = (
			);
			runOnlyForDeploymentPostprocessing = 0;
		};
		247EB1B42EB6496600DEE1AA /* Frameworks */ = {
			isa = PBXFrameworksBuildPhase;
			buildActionMask = 2147483647;
			files = (
			);
			runOnlyForDeploymentPostprocessing = 0;
		};
		247EB1BE2EB6496700DEE1AA /* Frameworks */ = {
			isa = PBXFrameworksBuildPhase;
			buildActionMask = 2147483647;
			files = (
			);
			runOnlyForDeploymentPostprocessing = 0;
		};
/* End PBXFrameworksBuildPhase section */

/* Begin PBXGroup section */
		247EB1932EB6496500DEE1AA = {
			isa = PBXGroup;
			children = (
				247EB19E2EB6496500DEE1AA /* testioss */,
				247EB1BA2EB6496600DEE1AA /* testiossTests */,
				247EB1C42EB6496700DEE1AA /* testiossUITests */,
				247EB19D2EB6496500DEE1AA /* Products */,
			);
			sourceTree = "<group>";
		};
		247EB19D2EB6496500DEE1AA /* Products */ = {
			isa = PBXGroup;
			children = (
				247EB19C2EB6496500DEE1AA /* testioss.app */,
				247EB1B72EB6496600DEE1AA /* testiossTests.xctest */,
				247EB1C12EB6496700DEE1AA /* testiossUITests.xctest */,
			);
			name = Products;
			sourceTree = "<group>";
		};
/* End PBXGroup section */

/* Begin PBXNativeTarget section */
		247EB19B2EB6496500DEE1AA /* testioss */ = {
			isa = PBXNativeTarget;
			buildConfigurationList = 247EB1CA2EB6496700DEE1AA /* Build configuration list for PBXNativeTarget "testioss" */;
			buildPhases = (
				247EB1982EB6496500DEE1AA /* Sources */,
				247EB1992EB6496500DEE1AA /* Frameworks */,
				247EB19A2EB6496500DEE1AA /* Resources */,
			);
			buildRules = (
			);
			dependencies = (
			);
			fileSystemSynchronizedGroups = (
				247EB19E2EB6496500DEE1AA /* testioss */,
			);
			name = testioss;
			packageProductDependencies = (
			);
			productName = testioss;
			productReference = 247EB19C2EB6496500DEE1AA /* testioss.app */;
			productType = "com.apple.product-type.application";
		};
		247EB1B62EB6496600DEE1AA /* testiossTests */ = {
			isa = PBXNativeTarget;
			buildConfigurationList = 247EB1CF2EB6496700DEE1AA /* Build configuration list for PBXNativeTarget "testiossTests" */;
			buildPhases = (
				247EB1B32EB6496600DEE1AA /* Sources */,
				247EB1B42EB6496600DEE1AA /* Frameworks */,
				247EB1B52EB6496600DEE1AA /* Resources */,
			);
			buildRules = (
			);
			dependencies = (
				247EB1B92EB6496600DEE1AA /* PBXTargetDependency */,
			);
			fileSystemSynchronizedGroups = (
				247EB1BA2EB6496600DEE1AA /* testiossTests */,
			);
			name = testiossTests;
			packageProductDependencies = (
			);
			productName = testiossTests;
			productReference = 247EB1B72EB6496600DEE1AA /* testiossTests.xctest */;
			productType = "com.apple.product-type.bundle.unit-test";
		};
		247EB1C02EB6496700DEE1AA /* testiossUITests */ = {
			isa = PBXNativeTarget;
			buildConfigurationList = 247EB1D22EB6496700DEE1AA /* Build configuration list for PBXNativeTarget "testiossUITests" */;
			buildPhases = (
				247EB1BD2EB6496700DEE1AA /* Sources */,
				247EB1BE2EB6496700DEE1AA /* Frameworks */,
				247EB1BF2EB6496700DEE1AA /* Resources */,
			);
			buildRules = (
			);
			dependencies = (
				247EB1C32EB6496700DEE1AA /* PBXTargetDependency */,
			);
			fileSystemSynchronizedGroups = (
				247EB1C42EB6496700DEE1AA /* testiossUITests */,
			);
			name = testiossUITests;
			packageProductDependencies = (
			);
			productName = testiossUITests;
			productReference = 247EB1C12EB6496700DEE1AA /* testiossUITests.xctest */;
			productType = "com.apple.product-type.bundle.ui-testing";
		};
/* End PBXNativeTarget section */

/* Begin PBXProject section */
		247EB1942EB6496500DEE1AA /* Project object */ = {
			isa = PBXProject;
			attributes = {
				BuildIndependentTargetsInParallel = 1;
				LastUpgradeCheck = 1620;
				TargetAttributes = {
					247EB19B2EB6496500DEE1AA = {
						CreatedOnToolsVersion = 16.2;
					};
					247EB1B62EB6496600DEE1AA = {
						CreatedOnToolsVersion = 16.2;
						TestTargetID = 247EB19B2EB6496500DEE1AA;
					};
					247EB1C02EB6496700DEE1AA = {
						CreatedOnToolsVersion = 16.2;
						TestTargetID = 247EB19B2EB6496500DEE1AA;
					};
				};
			};
			buildConfigurationList = 247EB1972EB6496500DEE1AA /* Build configuration list for PBXProject "testioss" */;
			developmentRegion = en;
			hasScannedForEncodings = 0;
			knownRegions = (
				en,
				Base,
			);
			mainGroup = 247EB1932EB6496500DEE1AA;
			minimizedProjectReferenceProxies = 1;
			preferredProjectObjectVersion = 77;
			productRefGroup = 247EB19D2EB6496500DEE1AA /* Products */;
			projectDirPath = "";
			projectRoot = "";
			targets = (
				247EB19B2EB6496500DEE1AA /* testioss */,
				247EB1B62EB6496600DEE1AA /* testiossTests */,
				247EB1C02EB6496700DEE1AA /* testiossUITests */,
			);
		};
/* End PBXProject section */

/* Begin PBXResourcesBuildPhase section */
		247EB19A2EB6496500DEE1AA /* Resources */ = {
			isa = PBXResourcesBuildPhase;
			buildActionMask = 2147483647;
			files = (
			);
			runOnlyForDeploymentPostprocessing = 0;
		};
		247EB1B52EB6496600DEE1AA /* Resources */ = {
			isa = PBXResourcesBuildPhase;
			buildActionMask = 2147483647;
			files = (
			);
			runOnlyForDeploymentPostprocessing = 0;
		};
		247EB1BF2EB6496700DEE1AA /* Resources */ = {
			isa = PBXResourcesBuildPhase;
			buildActionMask = 2147483647;
			files = (
			);
			runOnlyForDeploymentPostprocessing = 0;
		};
/* End PBXResourcesBuildPhase section */

/* Begin PBXSourcesBuildPhase section */
		247EB1982EB6496500DEE1AA /* Sources */ = {
			isa = PBXSourcesBuildPhase;
			buildActionMask = 2147483647;
			files = (
			);
			runOnlyForDeploymentPostprocessing = 0;
		};
		247EB1B32EB6496600DEE1AA /* Sources */ = {
			isa = PBXSourcesBuildPhase;
			buildActionMask = 2147483647;
			files = (
			);
			runOnlyForDeploymentPostprocessing = 0;
		};
		247EB1BD2EB6496700DEE1AA /* Sources */ = {
			isa = PBXSourcesBuildPhase;
			buildActionMask = 2147483647;
			files = (
			);
			runOnlyForDeploymentPostprocessing = 0;
		};
/* End PBXSourcesBuildPhase section */

/* Begin PBXTargetDependency section */
		247EB1B92EB6496600DEE1AA /* PBXTargetDependency */ = {
			isa = PBXTargetDependency;
			target = 247EB19B2EB6496500DEE1AA /* testioss */;
			targetProxy = 247EB1B82EB6496600DEE1AA /* PBXContainerItemProxy */;
		};
		247EB1C32EB6496700DEE1AA /* PBXTargetDependency */ = {
			isa = PBXTargetDependency;
			target = 247EB19B2EB6496500DEE1AA /* testioss */;
			targetProxy = 247EB1C22EB6496700DEE1AA /* PBXContainerItemProxy */;
		};
/* End PBXTargetDependency section */

/* Begin XCBuildConfiguration section */
		247EB1CB2EB6496700DEE1AA /* Debug */ = {
			isa = XCBuildConfiguration;
			buildSettings = {
				ASSETCATALOG_COMPILER_APPICON_NAME = AppIcon;
				ASSETCATALOG_COMPILER_GLOBAL_ACCENT_COLOR_NAME = AccentColor;
				CODE_SIGN_STYLE = Automatic;
				CURRENT_PROJECT_VERSION = 1;
				DEVELOPMENT_TEAM = RR4QUZKZ3L;
				GENERATE_INFOPLIST_FILE = YES;
				INFOPLIST_FILE = testioss/Info.plist;
				INFOPLIST_KEY_UIApplicationSupportsIndirectInputEvents = YES;
				INFOPLIST_KEY_UILaunchStoryboardName = LaunchScreen;
				INFOPLIST_KEY_UIMainStoryboardFile = Main;
				INFOPLIST_KEY_UISupportedInterfaceOrientations_iPad = "UIInterfaceOrientationPortrait UIInterfaceOrientationPortraitUpsideDown UIInterfaceOrientationLandscapeLeft UIInterfaceOrientationLandscapeRight";
				INFOPLIST_KEY_UISupportedInterfaceOrientations_iPhone = "UIInterfaceOrientationPortrait UIInterfaceOrientationLandscapeLeft UIInterfaceOrientationLandscapeRight";
				LD_RUNPATH_SEARCH_PATHS = (
					"$(inherited)",
					"@executable_path/Frameworks",
				);
				MARKETING_VERSION = 1.0;
				PRODUCT_BUNDLE_IDENTIFIER = com.clearcom.testioss;
				PRODUCT_NAME = "$(TARGET_NAME)";
				SWIFT_EMIT_LOC_STRINGS = YES;
				TARGETED_DEVICE_FAMILY = "1,2";
			};
			name = Debug;
		};
		247EB1CC2EB6496700DEE1AA /* Release */ = {
			isa = XCBuildConfiguration;
			buildSettings = {
				ASSETCATALOG_COMPILER_APPICON_NAME = AppIcon;
				ASSETCATALOG_COMPILER_GLOBAL_ACCENT_COLOR_NAME = AccentColor;
				CODE_SIGN_STYLE = Automatic;
				CURRENT_PROJECT_VERSION = 1;
				DEVELOPMENT_TEAM = RR4QUZKZ3L;
				GENERATE_INFOPLIST_FILE = YES;
				INFOPLIST_FILE = testioss/Info.plist;
				INFOPLIST_KEY_UIApplicationSupportsIndirectInputEvents = YES;
				INFOPLIST_KEY_UILaunchStoryboardName = LaunchScreen;
				INFOPLIST_KEY_UIMainStoryboardFile = Main;
				INFOPLIST_KEY_UISupportedInterfaceOrientations_iPad = "UIInterfaceOrientationPortrait UIInterfaceOrientationPortraitUpsideDown UIInterfaceOrientationLandscapeLeft UIInterfaceOrientationLandscapeRight";
				INFOPLIST_KEY_UISupportedInterfaceOrientations_iPhone = "UIInterfaceOrientationPortrait UIInterfaceOrientationLandscapeLeft UIInterfaceOrientationLandscapeRight";
				LD_RUNPATH_SEARCH_PATHS = (
					"$(inherited)",
					"@executable_path/Frameworks",
				);
				MARKETING_VERSION = 1.0;
				PRODUCT_BUNDLE_IDENTIFIER = com.clearcom.testioss;
				PRODUCT_NAME = "$(TARGET_NAME)";
				SWIFT_EMIT_LOC_STRINGS = YES;
				TARGETED_DEVICE_FAMILY = "1,2";
			};
			name = Release;
		};
		247EB1CD2EB6496700DEE1AA /* Debug */ = {
			isa = XCBuildConfiguration;
			buildSettings = {
				ALWAYS_SEARCH_USER_PATHS = NO;
				ASSETCATALOG_COMPILER_GENERATE_SWIFT_ASSET_SYMBOL_EXTENSIONS = YES;
				CLANG_ANALYZER_NONNULL = YES;
				CLANG_ANALYZER_NUMBER_OBJECT_CONVERSION = YES_AGGRESSIVE;
				CLANG_CXX_LANGUAGE_STANDARD = "gnu++20";
				CLANG_ENABLE_MODULES = YES;
				CLANG_ENABLE_OBJC_ARC = YES;
				CLANG_ENABLE_OBJC_WEAK = YES;
				CLANG_WARN_BLOCK_CAPTURE_AUTORELEASING = YES;
				CLANG_WARN_BOOL_CONVERSION = YES;
				CLANG_WARN_COMMA = YES;
				CLANG_WARN_CONSTANT_CONVERSION = YES;
				CLANG_WARN_DEPRECATED_OBJC_IMPLEMENTATIONS = YES;
				CLANG_WARN_DIRECT_OBJC_ISA_USAGE = YES_ERROR;
				CLANG_WARN_DOCUMENTATION_COMMENTS = YES;
				CLANG_WARN_EMPTY_BODY = YES;
				CLANG_WARN_ENUM_CONVERSION = YES;
				CLANG_WARN_INFINITE_RECURSION = YES;
				CLANG_WARN_INT_CONVERSION = YES;
				CLANG_WARN_NON_LITERAL_NULL_CONVERSION = YES;
				CLANG_WARN_OBJC_IMPLICIT_RETAIN_SELF = YES;
				CLANG_WARN_OBJC_LITERAL_CONVERSION = YES;
				CLANG_WARN_OBJC_ROOT_CLASS = YES_ERROR;
				CLANG_WARN_QUOTED_INCLUDE_IN_FRAMEWORK_HEADER = YES;
				CLANG_WARN_RANGE_LOOP_ANALYSIS = YES;
				CLANG_WARN_STRICT_PROTOTYPES = YES;
				CLANG_WARN_SUSPICIOUS_MOVE = YES;
				CLANG_WARN_UNGUARDED_AVAILABILITY = YES_AGGRESSIVE;
				CLANG_WARN_UNREACHABLE_CODE = YES;
				CLANG_WARN__DUPLICATE_METHOD_MATCH = YES;
				COPY_PHASE_STRIP = NO;
				DEBUG_INFORMATION_FORMAT = dwarf;
				ENABLE_STRICT_OBJC_MSGSEND = YES;
				ENABLE_TESTABILITY = YES;
				ENABLE_USER_SCRIPT_SANDBOXING = YES;
				GCC_C_LANGUAGE_STANDARD = gnu17;
				GCC_DYNAMIC_NO_PIC = NO;
				GCC_NO_COMMON_BLOCKS = YES;
				GCC_OPTIMIZATION_LEVEL = 0;
				GCC_PREPROCESSOR_DEFINITIONS = (
					"DEBUG=1",
					"$(inherited)",
				);
				GCC_WARN_64_TO_32_BIT_CONVERSION = YES;
				GCC_WARN_ABOUT_RETURN_TYPE = YES_ERROR;
				GCC_WARN_UNDECLARED_SELECTOR = YES;
				GCC_WARN_UNINITIALIZED_AUTOS = YES_AGGRESSIVE;
				GCC_WARN_UNUSED_FUNCTION = YES;
				GCC_WARN_UNUSED_VARIABLE = YES;
				IPHONEOS_DEPLOYMENT_TARGET = 18.2;
				LOCALIZATION_PREFERS_STRING_CATALOGS = YES;
				MTL_ENABLE_DEBUG_INFO = INCLUDE_SOURCE;
				MTL_FAST_MATH = YES;
				ONLY_ACTIVE_ARCH = YES;
				SDKROOT = iphoneos;
			};
			name = Debug;
		};
		247EB1CE2EB6496700DEE1AA /* Release */ = {
			isa = XCBuildConfiguration;
			buildSettings = {
				ALWAYS_SEARCH_USER_PATHS = NO;
				ASSETCATALOG_COMPILER_GENERATE_SWIFT_ASSET_SYMBOL_EXTENSIONS = YES;
				CLANG_ANALYZER_NONNULL = YES;
				CLANG_ANALYZER_NUMBER_OBJECT_CONVERSION = YES_AGGRESSIVE;
				CLANG_CXX_LANGUAGE_STANDARD = "gnu++20";
				CLANG_ENABLE_MODULES = YES;
				CLANG_ENABLE_OBJC_ARC = YES;
				CLANG_ENABLE_OBJC_WEAK = YES;
				CLANG_WARN_BLOCK_CAPTURE_AUTORELEASING = YES;
				CLANG_WARN_BOOL_CONVERSION = YES;
				CLANG_WARN_COMMA = YES;
				CLANG_WARN_CONSTANT_CONVERSION = YES;
				CLANG_WARN_DEPRECATED_OBJC_IMPLEMENTATIONS = YES;
				CLANG_WARN_DIRECT_OBJC_ISA_USAGE = YES_ERROR;
				CLANG_WARN_DOCUMENTATION_COMMENTS = YES;
				CLANG_WARN_EMPTY_BODY = YES;
				CLANG_WARN_ENUM_CONVERSION = YES;
				CLANG_WARN_INFINITE_RECURSION = YES;
				CLANG_WARN_INT_CONVERSION = YES;
				CLANG_WARN_NON_LITERAL_NULL_CONVERSION = YES;
				CLANG_WARN_OBJC_IMPLICIT_RETAIN_SELF = YES;
				CLANG_WARN_OBJC_LITERAL_CONVERSION = YES;
				CLANG_WARN_OBJC_ROOT_CLASS = YES_ERROR;
				CLANG_WARN_QUOTED_INCLUDE_IN_FRAMEWORK_HEADER = YES;
				CLANG_WARN_RANGE_LOOP_ANALYSIS = YES;
				CLANG_WARN_STRICT_PROTOTYPES = YES;
				CLANG_WARN_SUSPICIOUS_MOVE = YES;
				CLANG_WARN_UNGUARDED_AVAILABILITY = YES_AGGRESSIVE;
				CLANG_WARN_UNREACHABLE_CODE = YES;
				CLANG_WARN__DUPLICATE_METHOD_MATCH = YES;
				COPY_PHASE_STRIP = NO;
				DEBUG_INFORMATION_FORMAT = "dwarf-with-dsym";
				ENABLE_NS_ASSERTIONS = NO;
				ENABLE_STRICT_OBJC_MSGSEND = YES;
				ENABLE_USER_SCRIPT_SANDBOXING = YES;
				GCC_C_LANGUAGE_STANDARD = gnu17;
				GCC_NO_COMMON_BLOCKS = YES;
				GCC_WARN_64_TO_32_BIT_CONVERSION = YES;
				GCC_WARN_ABOUT_RETURN_TYPE = YES_ERROR;
				GCC_WARN_UNDECLARED_SELECTOR = YES;
				GCC_WARN_UNINITIALIZED_AUTOS = YES_AGGRESSIVE;
				GCC_WARN_UNUSED_FUNCTION = YES;
				GCC_WARN_UNUSED_VARIABLE = YES;
				IPHONEOS_DEPLOYMENT_TARGET = 18.2;
				LOCALIZATION_PREFERS_STRING_CATALOGS = YES;
				MTL_ENABLE_DEBUG_INFO = NO;
				MTL_FAST_MATH = YES;
				SDKROOT = iphoneos;
				VALIDATE_PRODUCT = YES;
			};
			name = Release;
		};
		247EB1D02EB6496700DEE1AA /* Debug */ = {
			isa = XCBuildConfiguration;
			buildSettings = {
				BUNDLE_LOADER = "$(TEST_HOST)";
				CODE_SIGN_STYLE = Automatic;
				CURRENT_PROJECT_VERSION = 1;
				DEVELOPMENT_TEAM = RR4QUZKZ3L;
				GENERATE_INFOPLIST_FILE = YES;
				IPHONEOS_DEPLOYMENT_TARGET = 18.2;
				MARKETING_VERSION = 1.0;
				PRODUCT_BUNDLE_IDENTIFIER = com.clearcom.testiossTests;
				PRODUCT_NAME = "$(TARGET_NAME)";
				SWIFT_EMIT_LOC_STRINGS = NO;
				TARGETED_DEVICE_FAMILY = "1,2";
				TEST_HOST = "$(BUILT_PRODUCTS_DIR)/testioss.app/$(BUNDLE_EXECUTABLE_FOLDER_PATH)/testioss";
			};
			name = Debug;
		};
		247EB1D12EB6496700DEE1AA /* Release */ = {
			isa = XCBuildConfiguration;
			buildSettings = {
				BUNDLE_LOADER = "$(TEST_HOST)";
				CODE_SIGN_STYLE = Automatic;
				CURRENT_PROJECT_VERSION = 1;
				DEVELOPMENT_TEAM = RR4QUZKZ3L;
				GENERATE_INFOPLIST_FILE = YES;
				IPHONEOS_DEPLOYMENT_TARGET = 18.2;
				MARKETING_VERSION = 1.0;
				PRODUCT_BUNDLE_IDENTIFIER = com.clearcom.testiossTests;
				PRODUCT_NAME = "$(TARGET_NAME)";
				SWIFT_EMIT_LOC_STRINGS = NO;
				TARGETED_DEVICE_FAMILY = "1,2";
				TEST_HOST = "$(BUILT_PRODUCTS_DIR)/testioss.app/$(BUNDLE_EXECUTABLE_FOLDER_PATH)/testioss";
			};
			name = Release;
		};
		247EB1D32EB6496700DEE1AA /* Debug */ = {
			isa = XCBuildConfiguration;
			buildSettings = {
				CODE_SIGN_STYLE = Automatic;
				CURRENT_PROJECT_VERSION = 1;
				DEVELOPMENT_TEAM = RR4QUZKZ3L;
				GENERATE_INFOPLIST_FILE = YES;
				MARKETING_VERSION = 1.0;
				PRODUCT_BUNDLE_IDENTIFIER = com.clearcom.testiossUITests;
				PRODUCT_NAME = "$(TARGET_NAME)";
				SWIFT_EMIT_LOC_STRINGS = NO;
				TARGETED_DEVICE_FAMILY = "1,2";
				TEST_TARGET_NAME = testioss;
			};
			name = Debug;
		};
		247EB1D42EB6496700DEE1AA /* Release */ = {
			isa = XCBuildConfiguration;
			buildSettings = {
				CODE_SIGN_STYLE = Automatic;
				CURRENT_PROJECT_VERSION = 1;
				DEVELOPMENT_TEAM = RR4QUZKZ3L;
				GENERATE_INFOPLIST_FILE = YES;
				MARKETING_VERSION = 1.0;
				PRODUCT_BUNDLE_IDENTIFIER = com.clearcom.testiossUITests;
				PRODUCT_NAME = "$(TARGET_NAME)";
				SWIFT_EMIT_LOC_STRINGS = NO;
				TARGETED_DEVICE_FAMILY = "1,2";
				TEST_TARGET_NAME = testioss;
			};
			name = Release;
		};
/* End XCBuildConfiguration section */

/* Begin XCConfigurationList section */
		247EB1972EB6496500DEE1AA /* Build configuration list for PBXProject "testioss" */ = {
			isa = XCConfigurationList;
			buildConfigurations = (
				247EB1CD2EB6496700DEE1AA /* Debug */,
				247EB1CE2EB6496700DEE1AA /* Release */,
			);
			defaultConfigurationIsVisible = 0;
			defaultConfigurationName = Release;
		};
		247EB1CA2EB6496700DEE1AA /* Build configuration list for PBXNativeTarget "testioss" */ = {
			isa = XCConfigurationList;
			buildConfigurations = (
				247EB1CB2EB6496700DEE1AA /* Debug */,
				247EB1CC2EB6496700DEE1AA /* Release */,
			);
			defaultConfigurationIsVisible = 0;
			defaultConfigurationName = Release;
		};
		247EB1CF2EB6496700DEE1AA /* Build configuration list for PBXNativeTarget "testiossTests" */ = {
			isa = XCConfigurationList;
			buildConfigurations = (
				247EB1D02EB6496700DEE1AA /* Debug */,
				247EB1D12EB6496700DEE1AA /* Release */,
			);
			defaultConfigurationIsVisible = 0;
			defaultConfigurationName = Release;
		};
		247EB1D22EB6496700DEE1AA /* Build configuration list for PBXNativeTarget "testiossUITests" */ = {
			isa = XCConfigurationList;
			buildConfigurations = (
				247EB1D32EB6496700DEE1AA /* Debug */,
				247EB1D42EB6496700DEE1AA /* Release */,
			);
			defaultConfigurationIsVisible = 0;
			defaultConfigurationName = Release;
		};
/* End XCConfigurationList section */
	};
	rootObject = 247EB1942EB6496500DEE1AA /* Project object */;
}
